
Microsoft Visual Studio Solution File, Format Version 12.00
# Visual Studio 15
VisualStudioVersion = 15.0.28010.2048
MinimumVisualStudioVersion = 10.0.40219.1
Project("{2150E333-8FDC-42A3-9474-1A3956D46DE8}") = "1 - Front", "1 - Front", "{8A9EB3AC-0C46-4D29-A246-91CED79ACAFB}"
EndProject
Project("{2150E333-8FDC-42A3-9474-1A3956D46DE8}") = "2 - Back", "2 - Back", "{789A368F-5574-47D7-AAB0-02C03896BDE3}"
EndProject
Project("{9A19103F-16F7-4668-BE54-9A1E7A4F7556}") = "Atendimento.Business", "Atendimento.Business\Atendimento.Business.csproj", "{9DB472A7-F8C1-4DB7-9057-EFC8DA796A64}"
EndProject
Project("{2150E333-8FDC-42A3-9474-1A3956D46DE8}") = "2.1 - API", "2.1 - API", "{E3A4EEF6-28AF-40E6-BEF6-30FAB34E5146}"
EndProject
Project("{2150E333-8FDC-42A3-9474-1A3956D46DE8}") = "2.2 - Business", "2.2 - Business", "{5D7AB0EA-A599-44F8-B9FE-1D8EB43648D8}"
EndProject
Project("{2150E333-8FDC-42A3-9474-1A3956D46DE8}") = "2.3 - Business Interfaces", "2.3 - Business Interfaces", "{2FEC09CD-FB7E-41F7-B6C9-076B7E8D9B89}"
EndProject
Project("{9A19103F-16F7-4668-BE54-9A1E7A4F7556}") = "Atendimento.Business.Interfaces", "Atendimento.Business.Interfaces\Atendimento.Business.Interfaces.csproj", "{48C87BCC-229D-483F-BBDD-176E3A504644}"
EndProject
Project("{2150E333-8FDC-42A3-9474-1A3956D46DE8}") = "2.4 - Repository Interfaces", "2.4 - Repository Interfaces", "{41B5D4D8-521A-48DE-AC82-9240E8A9B57B}"
EndProject
Project("{9A19103F-16F7-4668-BE54-9A1E7A4F7556}") = "Atendimento.Repository.Interfaces", "Atendimento.Repository.Interfaces\Atendimento.Repository.Interfaces.csproj", "{BE29A629-01B9-4529-AC3C-1EEB12C5F4F0}"
EndProject
Project("{2150E333-8FDC-42A3-9474-1A3956D46DE8}") = "2.5 - Repository", "2.5 - Repository", "{9449F914-279F-4B98-8478-570B8ACCAEF3}"
EndProject
Project("{9A19103F-16F7-4668-BE54-9A1E7A4F7556}") = "Atendimento.Repository", "Atendimento.Repository\Atendimento.Repository.csproj", "{9BFEF12A-8434-4047-9FC3-E82CB3D08B2B}"
EndProject
Project("{2150E333-8FDC-42A3-9474-1A3956D46DE8}") = "2.6 - Entities", "2.6 - Entities", "{A5D47C54-EA27-4B2C-9737-FABD3E124D27}"
EndProject
Project("{9A19103F-16F7-4668-BE54-9A1E7A4F7556}") = "Atendimento.Entities", "Atendimento.Entities\Atendimento.Entities.csproj", "{7F9D41E1-8A9B-462E-9007-49465636F686}"
EndProject
Project("{FAE04EC0-301F-11D3-BF4B-00C04F79EFBC}") = "Atendimento.WebApi", "Atendimento.WebApi\Atendimento.WebApi.csproj", "{665D8B6B-9688-4D31-BB32-E6078C2D0251}"
EndProject
Project("{2150E333-8FDC-42A3-9474-1A3956D46DE8}") = "2.7 - Infra", "2.7 - Infra", "{B9034DF0-1731-4214-97E5-FF3A531EF6BC}"
EndProject
Project("{FAE04EC0-301F-11D3-BF4B-00C04F79EFBC}") = "Atendimento.Infra", "Atendimento.Infra\Atendimento.Infra.csproj", "{CB0AE674-C90B-4472-8C8E-2CE0D7D58E29}"
EndProject
Global
	GlobalSection(SolutionConfigurationPlatforms) = preSolution
		Debug|Any CPU = Debug|Any CPU
		Release|Any CPU = Release|Any CPU
	EndGlobalSection
	GlobalSection(ProjectConfigurationPlatforms) = postSolution
		{9DB472A7-F8C1-4DB7-9057-EFC8DA796A64}.Debug|Any CPU.ActiveCfg = Debug|Any CPU
		{9DB472A7-F8C1-4DB7-9057-EFC8DA796A64}.Debug|Any CPU.Build.0 = Debug|Any CPU
		{9DB472A7-F8C1-4DB7-9057-EFC8DA796A64}.Release|Any CPU.ActiveCfg = Release|Any CPU
		{9DB472A7-F8C1-4DB7-9057-EFC8DA796A64}.Release|Any CPU.Build.0 = Release|Any CPU
		{48C87BCC-229D-483F-BBDD-176E3A504644}.Debug|Any CPU.ActiveCfg = Debug|Any CPU
		{48C87BCC-229D-483F-BBDD-176E3A504644}.Debug|Any CPU.Build.0 = Debug|Any CPU
		{48C87BCC-229D-483F-BBDD-176E3A504644}.Release|Any CPU.ActiveCfg = Release|Any CPU
		{48C87BCC-229D-483F-BBDD-176E3A504644}.Release|Any CPU.Build.0 = Release|Any CPU
		{BE29A629-01B9-4529-AC3C-1EEB12C5F4F0}.Debug|Any CPU.ActiveCfg = Debug|Any CPU
		{BE29A629-01B9-4529-AC3C-1EEB12C5F4F0}.Debug|Any CPU.Build.0 = Debug|Any CPU
		{BE29A629-01B9-4529-AC3C-1EEB12C5F4F0}.Release|Any CPU.ActiveCfg = Release|Any CPU
		{BE29A629-01B9-4529-AC3C-1EEB12C5F4F0}.Release|Any CPU.Build.0 = Release|Any CPU
		{9BFEF12A-8434-4047-9FC3-E82CB3D08B2B}.Debug|Any CPU.ActiveCfg = Debug|Any CPU
		{9BFEF12A-8434-4047-9FC3-E82CB3D08B2B}.Debug|Any CPU.Build.0 = Debug|Any CPU
		{9BFEF12A-8434-4047-9FC3-E82CB3D08B2B}.Release|Any CPU.ActiveCfg = Release|Any CPU
		{9BFEF12A-8434-4047-9FC3-E82CB3D08B2B}.Release|Any CPU.Build.0 = Release|Any CPU
		{7F9D41E1-8A9B-462E-9007-49465636F686}.Debug|Any CPU.ActiveCfg = Debug|Any CPU
		{7F9D41E1-8A9B-462E-9007-49465636F686}.Debug|Any CPU.Build.0 = Debug|Any CPU
		{7F9D41E1-8A9B-462E-9007-49465636F686}.Release|Any CPU.ActiveCfg = Release|Any CPU
		{7F9D41E1-8A9B-462E-9007-49465636F686}.Release|Any CPU.Build.0 = Release|Any CPU
		{665D8B6B-9688-4D31-BB32-E6078C2D0251}.Debug|Any CPU.ActiveCfg = Debug|Any CPU
		{665D8B6B-9688-4D31-BB32-E6078C2D0251}.Debug|Any CPU.Build.0 = Debug|Any CPU
		{665D8B6B-9688-4D31-BB32-E6078C2D0251}.Release|Any CPU.ActiveCfg = Release|Any CPU
		{665D8B6B-9688-4D31-BB32-E6078C2D0251}.Release|Any CPU.Build.0 = Release|Any CPU
		{CB0AE674-C90B-4472-8C8E-2CE0D7D58E29}.Debug|Any CPU.ActiveCfg = Debug|Any CPU
		{CB0AE674-C90B-4472-8C8E-2CE0D7D58E29}.Debug|Any CPU.Build.0 = Debug|Any CPU
		{CB0AE674-C90B-4472-8C8E-2CE0D7D58E29}.Release|Any CPU.ActiveCfg = Release|Any CPU
		{CB0AE674-C90B-4472-8C8E-2CE0D7D58E29}.Release|Any CPU.Build.0 = Release|Any CPU
	EndGlobalSection
	GlobalSection(SolutionProperties) = preSolution
		HideSolutionNode = FALSE
	EndGlobalSection
	GlobalSection(NestedProjects) = preSolution
		{9DB472A7-F8C1-4DB7-9057-EFC8DA796A64} = {5D7AB0EA-A599-44F8-B9FE-1D8EB43648D8}
		{E3A4EEF6-28AF-40E6-BEF6-30FAB34E5146} = {789A368F-5574-47D7-AAB0-02C03896BDE3}
		{5D7AB0EA-A599-44F8-B9FE-1D8EB43648D8} = {789A368F-5574-47D7-AAB0-02C03896BDE3}
		{2FEC09CD-FB7E-41F7-B6C9-076B7E8D9B89} = {789A368F-5574-47D7-AAB0-02C03896BDE3}
		{48C87BCC-229D-483F-BBDD-176E3A504644} = {2FEC09CD-FB7E-41F7-B6C9-076B7E8D9B89}
		{41B5D4D8-521A-48DE-AC82-9240E8A9B57B} = {789A368F-5574-47D7-AAB0-02C03896BDE3}
		{BE29A629-01B9-4529-AC3C-1EEB12C5F4F0} = {41B5D4D8-521A-48DE-AC82-9240E8A9B57B}
		{9449F914-279F-4B98-8478-570B8ACCAEF3} = {789A368F-5574-47D7-AAB0-02C03896BDE3}
		{9BFEF12A-8434-4047-9FC3-E82CB3D08B2B} = {9449F914-279F-4B98-8478-570B8ACCAEF3}
		{A5D47C54-EA27-4B2C-9737-FABD3E124D27} = {789A368F-5574-47D7-AAB0-02C03896BDE3}
		{7F9D41E1-8A9B-462E-9007-49465636F686} = {A5D47C54-EA27-4B2C-9737-FABD3E124D27}
		{665D8B6B-9688-4D31-BB32-E6078C2D0251} = {E3A4EEF6-28AF-40E6-BEF6-30FAB34E5146}
		{B9034DF0-1731-4214-97E5-FF3A531EF6BC} = {789A368F-5574-47D7-AAB0-02C03896BDE3}
		{CB0AE674-C90B-4472-8C8E-2CE0D7D58E29} = {B9034DF0-1731-4214-97E5-FF3A531EF6BC}
	EndGlobalSection
	GlobalSection(ExtensibilityGlobals) = postSolution
		SolutionGuid = {CF30A1ED-09FD-4693-9EFF-BE918FF51CCA}
	EndGlobalSection
EndGlobal
